hash: e64431be3e3172e9bc7b406c5ddec5d64b731fe7f4d2e7a84b41a812055b8ce9
updated: 2016-10-27T17:07:37.411942612-05:00
imports:
- name: bitbucket.org/ww/goautoneg
  version: ""
- name: cloud.google.com/go
  version: 467d489a6c6e5091da3f41addef0563296157059
  repo: https://cloud.google.com/go
- name: code.cloudfoundry.org/clock
  version: e0835a7d46f9ea781e764f0dc9325110e32a97dd
  repo: https://code.cloudfoundry.org/clock
- name: code.google.com/p/go.net
  version: ""
  repo: https://code.google.com/p/go.net
- name: code.google.com/p/go.text
  version: ""
  repo: https://code.google.com/p/go.text
- name: collectd.org
  version: 9fc824c70f713ea0f058a07b49a4c563ef2a3b98
- name: github.com/agl/ed25519
  version: 278e1ec8e8a6e017cd07577924d6766039146ced
  subpackages:
  - edwards25519
- name: github.com/agtorre/gocolorize
  version: f42b554bf7f006936130c9bb4f971afd2d87f671
  repo: https://github.com/agtorre/gocolorize
- name: github.com/akavel/rsrc
  version: ba14da1f827188454a4591717fff29999010887f
  repo: https://github.com/akavel/rsrc
  subpackages:
  - binutil
  - coff
- name: github.com/alecthomas/template
  version: a0175ee3bccc567396460bf5acd36800cb10c49c
  repo: https://github.com/alecthomas/template
- name: github.com/alecthomas/units
  version: 2efee857e7cfd4f3d0138cc3cbb1b4966962b93a
  repo: https://github.com/alecthomas/units
- name: github.com/andybalholm/cascadia
  version: 65919c611220063037b1db8eb334acaf17a6d8ea
  repo: https://github.com/andybalholm/cascadia
- name: github.com/armon/circbuf
  version: bbbad097214e2918d8543d5201d12bfd7bca254d
- name: github.com/armon/consul-api
  version: dcfedd50ed5334f96adee43fc88518a4f095e15c
  repo: https://github.com/armon/consul-api
- name: github.com/armon/go-metrics
  version: eb0af217e5e9747e41dd5303755356b62d28e3ec
- name: github.com/armon/go-radix
  version: e39d623f12e8e41c7b5529e9a9dd67a1e2261f80
- name: github.com/aws/aws-sdk-go
  version: 90dec2183a5f5458ee79cbaf4b8e9ab910bc81a6
  repo: https://github.com/aws/aws-sdk-go
- name: github.com/Azure/azure-sdk-for-go
  version: 95361a2573b1fa92a00c5fc2707a80308483c6f9
  subpackages:
  - storage
- name: github.com/Azure/go-ansiterm
  version: 04b7f292a41fcb5da32dda536c0807fc13e8351c
  repo: https://github.com/Azure/go-ansiterm
- name: github.com/Azure/go-autorest
  version: 8a25372bbfec739b8719a9e3987400d15ef9e179
  subpackages:
  - /autorest
  - autorest/azure
  - autorest/date
  - autorest/to
- name: github.com/beorn7/perks
  version: b965b613227fddccbfffe13eae360ed3fa822f8d
  repo: https://github.com/beorn7/perks
- name: github.com/bgentry/speakeasy
  version: 36e9cfdd690967f4f690c6edcc9ffacd006014a0
  repo: https://github.com/bgentry/speakeasy
- name: github.com/bitly/go-simplejson
  version: aabad6e819789e569bd6aabf444c935aa9ba1e44
- name: github.com/bmizerany/pat
  version: c068ca2f0aacee5ac3681d68e4d0a003b7d1fd2c
- name: github.com/boltdb/bolt
  version: c6ba97b89e0454fec9aa92e1d33a4e2c5fc1f631
- name: github.com/bradfitz/gomemcache
  version: fb1f79c6b65acda83063cbc69f6bba1522558bfc
  repo: https://github.com/bradfitz/gomemcache
- name: github.com/bradfitz/http2
  version: 3e36af6d3af0e56fa3da71099f864933dea3d9fb
- name: github.com/bsphere/le_go
  version: d3308aafe090956bc89a65f0769f58251a1b4f03
  repo: https://github.com/bsphere/le_go
- name: github.com/bugsnag/bugsnag-go
  version: b1d153021fcd90ca3f080db36bec96dc690fb274
  subpackages:
  - errors
- name: github.com/bugsnag/osext
  version: 0dd3f918b21bec95ace9dc86c7e70266cfc5c702
- name: github.com/bugsnag/panicwrap
  version: e2c28503fcd0675329da73bf48b33404db873782
- name: github.com/BurntSushi/toml
  version: f706d00e3de6abe700c994cdd545a1a4915af060
- name: github.com/cbroglie/mapstructure
  version: 25325b46b67d1c3eb7d58bad37d34d89a31cf9ec
- name: github.com/cenkalti/backoff
  version: 4dc77674aceaabba2c7e3da25d4c823edfb73f99
- name: github.com/cheggaaa/pb
  version: dd61faab99a777c652bb680e37715fe0cb549856
  repo: https://github.com/cheggaaa/pb
- name: github.com/circonus-labs/circonus-gometrics
  version: 02e91ce11e80e4ee29de4fec93250f04ba47f222
  repo: https://github.com/circonus-labs/circonus-gometrics
- name: github.com/circonus-labs/circonusllhist
  version: d724266ae5270ae8b87a5d2e8081f04e307c3c18
  repo: https://github.com/circonus-labs/circonusllhist
- name: github.com/cloudflare/backoff
  version: f659644c644c7ac3564c8acba556d8d74a07c547
  repo: https://github.com/cloudflare/backoff
- name: github.com/cloudflare/cfssl
  version: cf43e7ea8a406fdef189459716efff42ba926774
- name: github.com/cloudflare/cfssl_trust
  version: 555f7ac5ef2bac5643fa0567bcdc174e0dfd72c1
  repo: https://github.com/cloudflare/cfssl_trust
- name: github.com/cloudflare/go-metrics
  version: 6a9aea36fb410b71add0d0e58438e0cfc44d3076
  repo: https://github.com/cloudflare/go-metrics
- name: github.com/cloudflare/redoctober
  version: 18b5ac859f0a0cdfc2e2c14dcce8fe4aa8f8cec5
  repo: https://github.com/cloudflare/redoctober
  subpackages:
  - client
  - core
  - cryptor
  - ecdh
  - hipchat
  - keycache
  - msp
  - order
  - padding
  - passvault
  - symcrypt
- name: github.com/cloudfoundry/gosigar
  version: c32d31af94b0e9d3b2877e49c1a581ad5a793343
  repo: https://github.com/cloudfoundry/gosigar
- name: github.com/codegangsta/cli
  version: a65b733b303f0055f8d324d805f393cd3e7a7904
- name: github.com/coreos/etcd
  version: e4561dd8cfb1163fb51afceca9c78aa89398e731
  subpackages:
  - client
  - pkg/pathutil
  - pkg/types
- name: github.com/coreos/go-etcd
  version: 003851be7bb0694fe3cc457a49529a19388ee7cf
  repo: https://github.com/coreos/go-etcd
- name: github.com/coreos/go-semver
  version: 568e959cd89871e61434c1143528d9162da89ef2
  subpackages:
  - semver
- name: github.com/coreos/go-systemd
  version: b4a58d95188dd092ae20072bac14cece0e67c388
  repo: https://github.com/coreos/go-systemd
- name: github.com/coreos/pkg
  version: 42a8c3b1a6f917bb8346ef738f32712a7ca0ede7
  subpackages:
  - capnslog
- name: github.com/cpuguy83/go-md2man
  version: 71acacd42f85e5e82f70a55327789582a5200a90
  repo: https://github.com/cpuguy83/go-md2man
- name: github.com/cyberdelia/go-metrics-graphite
  version: 7e54b5c2aa6eaff4286c44129c3def899dff528c
  repo: https://github.com/cyberdelia/go-metrics-graphite
- name: github.com/daaku/go.zipexe
  version: a5fe2436ffcb3236e175e5149162b41cd28bd27d
  repo: https://github.com/daaku/go.zipexe
- name: github.com/DataDog/datadog-go
  version: 909c02b65dd8a52e8fa6072db9752a112227cf21
  repo: https://github.com/DataDog/datadog-go
- name: github.com/davecgh/go-spew
  version: 5215b55f46b2b919f50a1df0eaa5886afe4e3b3d
- name: github.com/deckarep/golang-set
  version: ef32fa3046d9f249d399f98ebaf9be944430fd1d
- name: github.com/denisenkom/go-mssqldb
  version: 6e7f3d73dade2e5566f87d18c3a1d00d2ce33421
- name: github.com/denverdino/aliyungo
  version: ce70ed03a598bb3ba258ff9c90a83a257959067c
  subpackages:
  - common
  - oss
  - util
- name: github.com/dgrijalva/jwt-go
  version: 63734eae1ef55eaac06fdc0f312615f2e321e273
  subpackages:
  - .
- name: github.com/dgryski/go-bits
  version: 2ad8d707cc05b1815ce6ff2543bb5e8d8f9298ef
- name: github.com/dgryski/go-bitstream
  version: 7d46cd22db7004f0cceb6f7975824b560cf0e486
- name: github.com/docker/containerd
  version: 56f53281e362d8acdf12de60097a8e00b24cba6d
  repo: https://github.com/docker/containerd
- name: github.com/docker/distribution
  version: 12acdf0a6c1e56d965ac6eb395d2bce687bf22fc
  repo: https://github.com/docker/distribution
- name: github.com/docker/docker
  version: febf53d91a43fe13fbb802d9e6b7b6732183cf21
  repo: https://github.com/docker/docker
- name: github.com/docker/docker-credential-helpers
  version: f72c04f1d8e71959a6d103f808c50ccbad79b9fd
  repo: https://github.com/docker/docker-credential-helpers
- name: github.com/docker/go
  version: d30aec9fd63c35133f8f79c3412ad91a3b08be06
  subpackages:
  - canonical/json
- name: github.com/docker/go-connections
  version: 34b5052da6b11e27f5f2e357b38b571ddddd3928
  repo: https://github.com/docker/go-connections
- name: github.com/docker/go-events
  version: 2e7d352816128aa84f4d29b2a21d400133701a0d
- name: github.com/docker/go-units
  version: 8e2d4523730c73120e10d4652f36ad6010998f4e
  repo: https://github.com/docker/go-units
- name: github.com/docker/goamz
  version: f0a21f5b2e12f83a505ecf79b633bb2035cf6f85
  subpackages:
  - aws
  - s3
- name: github.com/docker/libkv
  version: 7283ef27ed32fe267388510a91709b307bb9942c
  repo: https://github.com/docker/libkv
- name: github.com/docker/libnetwork
  version: 11a5883eedbc4552e12c59e457111ccc67789878
  repo: https://github.com/docker/libnetwork
- name: github.com/docker/libtrust
  version: fa567046d9b14f6aa788882a950d69651d230b21
  repo: https://github.com/docker/libtrust
- name: github.com/docker/notary
  version: 3ca7b7284b0958a3ccd79b14cf9f701fa2b7d430
  repo: https://github.com/docker/notary
- name: github.com/docker/swarmkit
  version: 3504155cede06d62fd629730b9f822802c8d8f9b
  repo: https://github.com/docker/swarmkit
- name: github.com/dustin/go-humanize
  version: bd88f87ad3a420f7bcf05e90566fd1ceb351fa7f
- name: github.com/dvsekhvalnov/jose2go
  version: 6387d3c1f5abd8443b223577d5a7e0f4e0e5731f
  subpackages:
  - aes
  - arrays
  - base64url
  - compact
  - kdf
  - keys/ecc
  - keys/rsa
  - padding
- name: github.com/edeckers/auroradnsclient
  version: 8b777c170cfd377aa16bb4368f093017dddef3f9
  repo: https://github.com/edeckers/auroradnsclient
- name: github.com/elazarl/go-bindata-assetfs
  version: 9a6736ed45b44bf3835afeebb3034b57ed329f3e
- name: github.com/erikstmartin/go-testdb
  version: 8d10e4a1bae52cd8b81ffdec3445890d6dccab3d
- name: github.com/feyeleanor/raw
  version: 724aedf6e1a5d8971aafec384b6bde3d5608fba4
- name: github.com/feyeleanor/sets
  version: 6c54cb57ea406ff6354256a4847e37298194478f
- name: github.com/feyeleanor/slices
  version: bb44bb2e4817fe71ba7082d351fd582e7d40e3ea
- name: github.com/fluent/fluent-logger-golang
  version: 28bdb662295c1b7aca09c1a4edbf9430010775a9
  repo: https://github.com/fluent/fluent-logger-golang
- name: github.com/flynn-archive/go-shlex
  version: 3f9db97f856818214da2e1057f8ad84803971cff
  repo: https://github.com/flynn-archive/go-shlex
- name: github.com/fsnotify/fsnotify
  version: fd9ec7deca8bf46ecd2a795baaacf2b3a9be1197
  repo: https://github.com/fsnotify/fsnotify
- name: github.com/fsouza/go-dockerclient
  version: 348eb84e7de87ad89fd9a2656f56081b2a4d837b
- name: github.com/garyburd/redigo
  version: 535138d7bcd717d6531c701ef5933d98b1866257
  subpackages:
  - internal
  - redis
- name: github.com/GeertJohan/go.incremental
  version: 92fd0ce4a694213e8b3dfd2d39b16e51d26d0fbf
  repo: https://github.com/GeertJohan/go.incremental
- name: github.com/GeertJohan/go.rice
  version: 0f3f5fde32fd1f755632a3d31ba2ec6d449e387b
  repo: https://github.com/GeertJohan/go.rice
- name: github.com/getsentry/raven-go
  version: 1cc47a9463b90f246a0503d4c2e9a55c9459ced3
- name: github.com/go-check/check
  version: 11d3bc7aa68e238947792f30573146a3231fc0f1
  repo: https://github.com/go-check/check
- name: github.com/go-ini/ini
  version: 6e4869b434bd001f6983749881c7ead3545887d8
- name: github.com/go-sql-driver/mysql
  version: 0cc29e9fe8e25c2c58cf47bcab566e029bbaa88b
- name: github.com/godbus/dbus
  version: 5f6efc7ef2759c81b7ba876593971bfce311eab3
- name: github.com/gogo/protobuf
  version: e33835a643a970c11ac74f6333f5f6866387a101
  subpackages:
  - gogoproto
  - proto
  - protoc-gen-gogo/descriptor
- name: github.com/golang/geo
  version: 6ff6a0122efb1f33de63b7ff533320c805aee520
  repo: https://github.com/golang/geo
- name: github.com/golang/glog
  version: 44145f04b68cf362d9c4df2182967c2275eaefed
- name: github.com/golang/mock
  version: bd3c8e81be01eef76d4b503f5e687d2d1354d2d9
- name: github.com/golang/protobuf
  version: f7137ae6b19afbfd61a94b746fda3b3fe0491874
  subpackages:
  - /proto
- name: github.com/golang/snappy
  version: d9eb7a3d35ec988b8585d4a0068e462c27d28380
- name: github.com/google/btree
  version: cc6329d4279e3f025a53a83c397d2339b5705c45
- name: github.com/google/certificate-transparency
  version: 0f6e3d1d1ba4d03fdaab7cd716f36255c2e48341
  repo: https://github.com/google/certificate-transparency
  subpackages:
  - go
- name: github.com/google/gofuzz
  version: bbcb9da2d746f8bdbd6a936686a0a6067ada0ec5
- name: github.com/googleapis/gax-go
  version: 4f7da601ca02aa546c5ef911a0b6595fdadf4e18
  repo: https://github.com/googleapis/gax-go
- name: github.com/gorilla/context
  version: 215affda49addc4c8ef7e2534915df2c8c35c6cd
- name: github.com/gorilla/handlers
  version: 60c7bfde3e33c201519a200a4507a158cc03a17b
- name: github.com/gorilla/mux
  version: 8096f47503459bcc74d1f4c487b7e6e42e5746b5
- name: github.com/hailocab/go-hostpool
  version: e80d13ce29ede4452c43dea11e79b9bc8a15b478
- name: github.com/hashicorp/consul
  version: 954aec66231b79c161a4122b023fbcad13047f79
  subpackages:
  - /api
- name: github.com/hashicorp/go-checkpoint
  version: f8cfd20c53506d1eb3a55c2c43b84d009fab39bd
- name: github.com/hashicorp/go-cleanhttp
  version: ad28ea4487f05916463e2423a55166280e8254b5
- name: github.com/hashicorp/go-immutable-radix
  version: afc5a0dbb18abdf82c277a7bc01533e81fa1d6b8
  repo: https://github.com/hashicorp/go-immutable-radix
- name: github.com/hashicorp/go-memdb
  version: 98f52f52d7a476958fa9da671354d270c50661a7
- name: github.com/hashicorp/go-msgpack
  version: 71c2886f5a673a35f909803f38ece5810165097b
- name: github.com/hashicorp/go-multierror
  version: 2167c8ec40776024589f483a6b836489e47e1049
- name: github.com/hashicorp/go-retryablehttp
  version: 6e85be8fee1dcaa02c0eaaac2df5a8fbecf94145
  repo: https://github.com/hashicorp/go-retryablehttp
- name: github.com/hashicorp/go-syslog
  version: 315de0c1920b18b942603ffdc2229e2af4803c17
- name: github.com/hashicorp/go-uuid
  version: 64130c7a86d732268a38cb04cfbaf0cc987fda98
- name: github.com/hashicorp/go.net
  version: 104dcad90073cd8d1e6828b2af19185b60cf3e29
  repo: https://github.com/hashicorp/go.net
- name: github.com/hashicorp/golang-lru
  version: 0a025b7e63adc15a622f29b0b2c4c3848243bbf6
- name: github.com/hashicorp/hcl
  version: 99ce73d4fe576449f7a689d4fc2b2ad09a86bdaa
- name: github.com/hashicorp/hil
  version: ce4ab742a9dd2bb6e55050337333b2c56666e5a0
- name: github.com/hashicorp/logutils
  version: 0dc08b1671f34c4250ce212759ebd880f743d883
- name: github.com/hashicorp/mdns
  version: 9d85cf22f9f8d53cb5c81c1b2749f438b2ee333f
- name: github.com/hashicorp/memberlist
  version: 88ac4de0d1a0ca6def284b571342db3b777a4c37
- name: github.com/hashicorp/net-rpc-msgpackrpc
  version: a14192a58a694c123d8fe5481d4a4727d6ae82f3
- name: github.com/hashicorp/raft
  version: 5f09c4ffdbcd2a53768e78c47717415de12b6728
- name: github.com/hashicorp/raft-boltdb
  version: a8adffd05b79e3d8b1817d46bbe387a112265b3e
- name: github.com/hashicorp/scada-client
  version: 6e896784f66f82cdc6f17e00052db91699dc277d
- name: github.com/hashicorp/serf
  version: 598c54895cc5a7b1a24a398d635e8c0ea0959870
- name: github.com/hashicorp/yamux
  version: d1caa6c97c9fc1cc9e83bbe34d0603f9ff0ce8bd
- name: github.com/imdario/mergo
  version: 50d4dbd4eb0e84778abe37cefef140271d96fade
  repo: https://github.com/imdario/mergo
- name: github.com/inconshreveable/mousetrap
  version: 76626ae9c91c4f2a10f34cad8ce83ea42c93bb75
- name: github.com/influxdata/usage-client
  version: 6d3895376368aa52a3a81d2a16e90f0f52371967
- name: github.com/influxdb/influxdb
  version: 05c252696e6137863ee46a8806dada079a5bc6f3
  repo: https://github.com/influxdb/influxdb
- name: github.com/JamesClonk/vultr
  version: 856756262c464845b836a3246e00dfffac4c5342
  repo: https://github.com/JamesClonk/vultr
- name: github.com/jawher/mow.cli
  version: 33e2f99c7beda006afee6bb2e39e31e4ba4e9946
- name: github.com/jessevdk/go-flags
  version: 97448c91aac742cbca3d020b3e769013a420a06f
  repo: https://github.com/jessevdk/go-flags
- name: github.com/jinzhu/gorm
  version: 82d726bbfd8cefbe2dcdc7f7f0484551c0d40433
- name: github.com/jinzhu/now
  version: ce80572eb55aa0ac839330041ca9db1afa5f1f6c
- name: github.com/jmespath/go-jmespath
  version: bd40a432e4c76585ef6b72d3fd96fb9b6dc7b68d
- name: github.com/jmhodges/clock
  version: 3c4ebd218625c9364c33db6d39c276d80c3090c6
  repo: https://github.com/jmhodges/clock
- name: github.com/jmoiron/sqlx
  version: 398dd5876282499cdfd4cb8ea0f31a672abe9495
  repo: https://github.com/jmoiron/sqlx
- name: github.com/jonboulle/clockwork
  version: 72f9bd7c4e0c2a40055ab3d0f09654f730cce982
- name: github.com/juju/loggo
  version: 8477fc936adf0e382d680310047ca27e128a309a
- name: github.com/juju/ratelimit
  version: 77ed1c8a01217656d2080ad51981f6e99adaa177
- name: github.com/julienschmidt/httprouter
  version: 4563b0ba73e4db6c6423b60a26f3cadd2e9a1ec9
  repo: https://github.com/julienschmidt/httprouter
- name: github.com/jwilder/encoding
  version: 4dada27c33277820fe35c7ee71ed34fbc9477d00
- name: github.com/kardianos/osext
  version: 29ae4ffbc9a6fe9fb2bc5029050ce6996ea1d3bc
  repo: https://github.com/kardianos/osext
- name: github.com/keighl/postmark
  version: 6c4d0bbaf1b8ece6fcd3f05789bee84047e9eca7
- name: github.com/kimor79/gollectd
  version: 61d0deeb4ffcc167b2a1baa8efd72365692811bc
- name: github.com/kisielk/sqlstruct
  version: 648daed35d49dac24a4bff253b190a80da3ab6a5
  repo: https://github.com/kisielk/sqlstruct
- name: github.com/kisom/goutils
  version: fb87692b5525ec1c1f19dda407e56f610509d473
  repo: https://github.com/kisom/goutils
  subpackages:
  - assert
- name: github.com/klauspost/compress
  version: 8df558b6cb6f9b445f9586446cfe7223e7d8bd6b
  repo: https://github.com/klauspost/compress
- name: github.com/klauspost/cpuid
  version: 09cded8978dc9e80714c4d85b0322337b0a1e5e0
  repo: https://github.com/klauspost/cpuid
- name: github.com/klauspost/crc32
  version: cb6bfca970f6908083f26f39a79009d608efd5cd
  repo: https://github.com/klauspost/crc32
- name: github.com/kr/fs
  version: 2788f0dbd16903de03cb8186e5c7d97b69ad387b
  repo: https://github.com/kr/fs
- name: github.com/kr/pretty
  version: bc9499caa0f45ee5edb2f0209fbd61fbf3d9018f
- name: github.com/kr/pty
  version: f7ee69f31298ecbe5d2b349c711e2547a617d398
- name: github.com/kr/text
  version: 6807e777504f54ad073ecef66747de158294b639
  subpackages:
  - colwriter
  - mc
- name: github.com/lib/pq
  version: 0dad96c0b94f8dee039aa40467f767467392a0af
  subpackages:
  - hstore
  - oid
- name: github.com/magiconair/properties
  version: 624009598839a9432bd97bb75552389422357723
  repo: https://github.com/magiconair/properties
- name: github.com/mattn/go-isatty
  version: 66b8e73f3f5cda9f96b69efd03dd3d7fc4a5cdb8
  repo: https://github.com/mattn/go-isatty
- name: github.com/mattn/go-shellwords
  version: 525bedee691b5a8df547cb5cf9f86b7fb1883e24
  repo: https://github.com/mattn/go-shellwords
- name: github.com/mattn/go-sqlite3
  version: b4142c444a8941d0d92b0b7103a24df9cd815e42
- name: github.com/matttproud/golang_protobuf_extensions
  version: fc2b8d3a73c4867e51861bbdd5ae3c1f0869dd6a
  repo: https://github.com/matttproud/golang_protobuf_extensions
- name: github.com/micro/cli
  version: 3d2263bb092286dde294a31049c92665f8373820
- name: github.com/micro/go-micro
  version: db948d0dc3062bc5dc8f96eab32af64715654815
  subpackages:
  - client
  - errors
  - server
- name: github.com/micro/mdns
  version: cdf30746f9f70dc7a366d3d885792a092fd83102
  repo: https://github.com/micro/mdns
- name: github.com/micro/misc
  version: 677e2a0beb40a3dd7418548fe0cdc661e2922859
- name: github.com/Microsoft/go-winio
  version: ce2922f643c8fd76b46cadc7f404a06282678b34
- name: github.com/Microsoft/hcsshim
  version: 6611816fb4c1693b429ada0f358102119a0b1466
- name: github.com/miekg/dns
  version: d27455715200c7d3e321a1e5cadb27c9ee0b0f02
- name: github.com/miekg/pkcs11
  version: ba39b9c6300b7e0be41b115330145ef8afdff7d6
- name: github.com/mitchellh/cli
  version: 074e243518e473e0887217008dd013e07755be8c
- name: github.com/mitchellh/copystructure
  version: 5af94aef99f597e6a9e1f6ac6be6ce0f3c96b49d
- name: github.com/mitchellh/go-homedir
  version: df55a15e5ce646808815381b3db47a8c66ea62f4
- name: github.com/mitchellh/gox
  version: 39862d88e853ecc97f45e91c1cdcb1b312c51eaa
  repo: https://github.com/mitchellh/gox
- name: github.com/mitchellh/hashstructure
  version: b098c52ef6beab8cd82bc4a32422cf54b890e8fa
  repo: https://github.com/mitchellh/hashstructure
- name: github.com/mitchellh/iochan
  version: 87b45ffd0e9581375c491fef3d32130bb15c5bd7
  repo: https://github.com/mitchellh/iochan
- name: github.com/mitchellh/mapstructure
  version: 482a9fd5fa83e8c4e7817413b80f3eb8feec03ef
- name: github.com/mitchellh/reflectwalk
  version: 9ad27c461a633e32a235a061d523aefe8f18571d
  repo: https://github.com/mitchellh/reflectwalk
- name: github.com/mreiferson/go-httpclient
  version: 63fe23f7434723dc904c901043af07931f293c47
  repo: https://github.com/mreiferson/go-httpclient
- name: github.com/mrunalp/fileutils
  version: ed869b029674c0e9ce4c0dfa781405c2d9946d08
- name: github.com/ncw/swift
  version: ce444d6d47c51d4dda9202cd38f5094dd8e27e86
  subpackages:
  - swifttest
- name: github.com/opencontainers/runc
  version: ba1568de399395774ad84c2ace65937814c542ed
  repo: https://github.com/opencontainers/runc
- name: github.com/opencontainers/runtime-spec
  version: 1c7c27d043c2a5e513a44084d2b10d77d1402b8c
  repo: https://github.com/opencontainers/runtime-spec
- name: github.com/ovh/go-ovh
  version: d2b2eae2511fa5fcd0bdef9f1790ea3979fa35d4
  repo: https://github.com/ovh/go-ovh
- name: github.com/paulbellamy/ratecounter
  version: 5a11f585a31379765c190c033b6ad39956584447
- name: github.com/pborman/uuid
  version: 3d4f2ba23642d3cfd06bd4b54cf03d99d95c0f1b
- name: github.com/pelletier/go-buffruneio
  version: df1e16fde7fc330a0ca68167c23bf7ed6ac31d6d
  repo: https://github.com/pelletier/go-buffruneio
- name: github.com/pelletier/go-toml
  version: 45932ad32dfdd20826f5671da37a5f3ce9f26a8d
  repo: https://github.com/pelletier/go-toml
- name: github.com/peterh/liner
  version: 8975875355a81d612fafb9f5a6037bdcc2d9b073
- name: github.com/philhofer/fwd
  version: 98c11a7a6ec829d672b03833c3d69a7fae1ca972
  repo: https://github.com/philhofer/fwd
- name: github.com/pivotal-golang/clock
  version: e0835a7d46f9ea781e764f0dc9325110e32a97dd
- name: github.com/pkg/errors
  version: 839d9e913e063e28dfd0e6c7b7512793e0a48be9
  repo: https://github.com/pkg/errors
- name: github.com/pkg/sftp
  version: 4d0e916071f68db74f8a73926335f809396d6b42
  repo: https://github.com/pkg/sftp
- name: github.com/pmezard/go-difflib
  version: 792786c7400a136282c1664665ae0a8db921c6c2
  repo: https://github.com/pmezard/go-difflib
  subpackages:
  - difflib
- name: github.com/prometheus/client_golang
  version: a842dc11e0621c34a71cab634d1d0190a59802a8
  repo: https://github.com/prometheus/client_golang
- name: github.com/prometheus/client_model
  version: fa8ad6fec33561be4280a8f0514318c79d7f6cb6
  repo: https://github.com/prometheus/client_model
- name: github.com/prometheus/common
  version: 4fdc91a58c9d3696b982e8a680f4997403132d44
  repo: https://github.com/prometheus/common
- name: github.com/prometheus/procfs
  version: ee2372b58cee877abe07cde670d04d3b3bac5ee6
  repo: https://github.com/prometheus/procfs
- name: github.com/PuerkitoBio/goquery
  version: 152b1a2c8f5d0340f658bb656032a39b94e52958
  repo: https://github.com/PuerkitoBio/goquery
- name: github.com/RackSec/srslog
  version: c745a1958bd7d989474c39f52f049bf1ed8e49d1
  repo: https://github.com/RackSec/srslog
- name: github.com/rainycape/memcache
  version: 1031fa0ce2f20c1c0e1e1b51951d8ea02c84fa05
  repo: https://github.com/rainycape/memcache
- name: github.com/rakyll/pb
  version: dc507ad06b7462501281bb4691ee43f0b1d1ec37
- name: github.com/rakyll/statik
  version: 274df120e9065bdd08eb1120e0375e3dc1ae8465
- name: github.com/rcrowley/go-metrics
  version: 51425a2415d21afadfd55cd93432c0bc69e9598d
- name: github.com/retailnext/hllpp
  version: 38a7bb71b483e855d35010808143beaf05b67f9d
- name: github.com/revel/config
  version: 75f5ee659b5338d1ce823536fe9b9e50b4de01b4
  repo: https://github.com/revel/config
- name: github.com/revel/revel
  version: a9a2ff45fae4330ef4116b257bcf9c82e53350c2
  repo: https://github.com/revel/revel
- name: github.com/robfig/config
  version: 0f78529c8c7e3e9a25f15876532ecbc07c7d99e6
- name: github.com/robfig/go-cache
  version: 9fc39e0dbf62c034ec4e45e6120fc69433a3ec51
  repo: https://github.com/robfig/go-cache
- name: github.com/robfig/pathtree
  version: 41257a1839e945fce74afd070e02bab2ea2c776a
  repo: https://github.com/robfig/pathtree
- name: github.com/russross/blackfriday
  version: 8cec3a854e68dba10faabbe31c089abf4a3e57a6
- name: github.com/ryanuber/columnize
  version: 6f43af5ecd2928c6fef2b4f35ef6f36f96690390
- name: github.com/samuel/go-zookeeper
  version: d0e0d8e11f318e000a8cc434616d69e329edc374
  subpackages:
  - zk
- name: github.com/seccomp/libseccomp-golang
  version: 1b506fc7c24eec5a3693cdcbed40d9c226cfc6a1
- name: github.com/Shopify/logrus-bugsnag
  version: 5a46080c635f13e8b60c24765c19d62e1ca8d0fb
- name: github.com/shurcooL/sanitized_anchor_name
  version: 244f5ac324cb97e1987ef901a0081a77bfd8e845
- name: github.com/Sirupsen/logrus
  version: 4b6ea7319e214d98c938f12692336f7ca9348d6b
  repo: https://github.com/Sirupsen/logrus
- name: github.com/spf13/afero
  version: 52e4a6cfac46163658bd4f123c49b6ee7dc75f78
  repo: https://github.com/spf13/afero
- name: github.com/spf13/cast
  version: 4d07383ffe94b5e5a6fa3af9211374a4507a0184
  repo: https://github.com/spf13/cast
- name: github.com/spf13/cobra
  version: 312092086bed4968099259622145a0c9ae280064
- name: github.com/spf13/jwalterweatherman
  version: 3d60171a64319ef63c78bd45bd60e6eab1e75f8b
  repo: https://github.com/spf13/jwalterweatherman
- name: github.com/spf13/pflag
  version: 5644820622454e71517561946e3d94b9f9db6842
- name: github.com/spf13/viper
  version: be5ff3e4840cf692388bde7a057595a474ef379e
  repo: https://github.com/spf13/viper
- name: github.com/stathat/go
  version: cf69b0bcb80478755dc0ea1120b36000e35dcbbb
  repo: https://github.com/stathat/go
- name: github.com/stevvooe/resumable
  version: 51ad44105773cafcbe91927f70ac68e1bf78f8b4
  subpackages:
  - sha256
  - sha512
- name: github.com/stretchr/objx
  version: 1a9d0bb9f541897e62256577b352fdbc1fb4fd94
  repo: https://github.com/stretchr/objx
- name: github.com/stretchr/testify
  version: dab07ac62d4905d3e48d17dc549c684ac3b7c15a
  subpackages:
  - assert
  - require
- name: github.com/stvp/go-udp-testing
  version: 06eb4f886d9f8242b0c176cf0d3ce5ec2cedda05
- name: github.com/suicidegang/mail-srv
  version: ee586958c81f5b71a239405f04c316469636cb00
  subpackages:
  - /handler
  - proto/mail
- name: github.com/syndtr/gocapability
  version: 2c00daeb6c3b45114c80ac44119e7b8801fdd852
  repo: https://github.com/syndtr/gocapability
- name: github.com/tchap/go-patricia
  version: 666120de432aea38ab06bd5c818f04f4129882c9
  repo: https://github.com/tchap/go-patricia
- name: github.com/timewasted/linode
  version: 37e84520dcf74488f67654f9c775b9752c232dc1
  repo: https://github.com/timewasted/linode
- name: github.com/tinylib/msgp
  version: ad0ff2e232ad2e37faf67087fb24bf8d04a8ce20
  repo: https://github.com/tinylib/msgp
- name: github.com/tobi/airbrake-go
  version: a3cdd910a3ffef88a20fbecc10363a520ad61a0a
- name: github.com/ttacon/chalk
  version: 22c06c80ed312dcb6e1cf394f9634aa2c4676e22
  repo: https://github.com/ttacon/chalk
- name: github.com/ugorji/go
  version: 5abd4e96a45c386928ed2ca2a7ef63e2533e18ec
  subpackages:
  - codec
- name: github.com/urfave/cli
  version: d53eb991652b1d438abdd34ce4bfa3ef1539108e
- name: github.com/vbatts/tar-split
  version: bd4c5d64c3e9297f410025a3b1bd0c58f659e721
  repo: https://github.com/vbatts/tar-split
- name: github.com/vdemeester/shakers
  version: 24d7f1d6a71aa5d9cbe7390e4afb66b7eef9e1b3
  repo: https://github.com/vdemeester/shakers
- name: github.com/vishvananda/netlink
  version: e73bad418fd727ed3a02830b1af1ad0283a1de6c
  subpackages:
  - nl
- name: github.com/vishvananda/netns
  version: 604eaf189ee867d8c147fafc28def2394e878d25
- name: github.com/weppos/dnsimple-go
  version: 65c1ca73cb19baf0f8b2b33219b7f57595a3ccb0
  repo: https://github.com/weppos/dnsimple-go
- name: github.com/xeipuuv/gojsonpointer
  version: e0fe6f68307607d540ed8eac07a342c33fa1b54a
- name: github.com/xeipuuv/gojsonreference
  version: e02fc20de94c78484cd5ffb007f8af96be030a45
- name: github.com/xeipuuv/gojsonschema
  version: 00f9fafb54d2244d291b86ab63d12c38bd5c3886
  repo: https://github.com/xeipuuv/gojsonschema
- name: github.com/xenolf/lego
  version: 72914df00f027074ea70c878dde401f02fa22f09
- name: github.com/xiang90/probing
  version: 6a0cc1ae81b4cc11db5e491e030e4b98fba79c19
- name: github.com/xordataexchange/crypt
  version: 749e360c8f236773f28fc6d3ddfce4a470795227
  repo: https://github.com/xordataexchange/crypt
- name: github.com/yvasiyarov/go-metrics
  version: 57bccd1ccd43f94bb17fdd8bf3007059b802f85e
- name: github.com/yvasiyarov/gorelic
  version: a9bba5b9ab508a086f9a12b8c51fab68478e2128
- name: github.com/yvasiyarov/newrelic_platform_go
  version: b21fdbd4370f3717f3bbd2bf41c223bc273068e6
- name: golang.org/x/crypto
  version: 1351f936d976c60a0a48d728281922cf63eafb8d
  subpackages:
  - bcrypt
  - blowfish
- name: golang.org/x/debug
  version: fb508927b491eca48a708e9d000fdb7afa53c32b
  repo: https://golang.org/x/debug
- name: golang.org/x/net
  version: 9dd48c277bcb2bb2cc3eb6a6368a486a567d3562
  subpackages:
  - /context
- name: golang.org/x/oauth2
  version: 3046bc76d6dfd7d3707f6640f85e42d9c4050f50
- name: golang.org/x/sys
  version: 5eaf0df67e70d6997a9fe0ed24383fa1b01638d3
  subpackages:
  - unix
  - windows
- name: golang.org/x/text
  version: a8b38433e35b65ba247bb267317037dee1b70cea
- name: golang.org/x/time
  version: a4bde12657593d5e90d0533a3e4fd95e635124cb
  repo: https://golang.org/x/time
- name: golang.org/x/tools
  version: 0db92ca630c08f00e3ba4b5abea93836ca04b42e
  repo: https://golang.org/x/tools
- name: google.golang.org/api
  version: 9bf6e6e569ff057f75d9604a46c52928f17d2b54
  repo: https://google.golang.org/api
- name: google.golang.org/appengine
  version: 12d5545dc1cfa6047a286d5e853841b6471f4c19
  repo: https://google.golang.org/appengine
- name: google.golang.org/cloud
  version: f20d6dcccb44ed49de45ae3703312cb46e627db1
  repo: https://google.golang.org/cloud
- name: google.golang.org/genproto
  version: 9359a8d303c45e3212571b77610f1cefb0c6f3eb
  repo: https://google.golang.org/genproto
- name: google.golang.org/grpc
  version: f5ebd86be717593ab029545492c93ddf8914832b
  repo: https://google.golang.org/grpc
- name: gopkg.in/airbrake/gobrake.v2
  version: 5d77bd50d083834501349f8be70197b26963674d
  repo: https://gopkg.in/airbrake/gobrake.v2
- name: gopkg.in/alecthomas/kingpin.v2
  version: e9044be3ab2a8e11d4e1f418d12f0790d57e8d70
  repo: https://gopkg.in/alecthomas/kingpin.v2
- name: gopkg.in/check.v1
  version: 64131543e7896d5bcc6bd5a76287eb75ea96c673
- name: gopkg.in/dancannon/gorethink.v2
  version: 3742792da4bc279ccd6d807f24687009cbeda860
  subpackages:
  - encoding
  - ql2
  - types
- name: gopkg.in/fatih/pool.v2
  version: cba550ebf9bce999a02e963296d4bc7a486cb715
- name: gopkg.in/fsnotify.v1
  version: 875cf421b32f8f1b31bd43776297876d01542279
  repo: https://gopkg.in/fsnotify.v1
- name: gopkg.in/gemnasium/logrus-airbrake-hook.v2
  version: bfee1239d796830ca346767650cce5ba90d58c57
  repo: https://gopkg.in/gemnasium/logrus-airbrake-hook.v2
- name: gopkg.in/ini.v1
  version: 6e4869b434bd001f6983749881c7ead3545887d8
  repo: https://gopkg.in/ini.v1
- name: gopkg.in/ns1/ns1-go.v2
  version: dcf378a2246037b17400edb8ed86c7f15379aafe
  repo: https://gopkg.in/ns1/ns1-go.v2
- name: gopkg.in/square/go-jose.v1
  version: aa2e30fdd1fe9dd3394119af66451ae790d50e0d
  repo: https://gopkg.in/square/go-jose.v1
- name: gopkg.in/urfave/cli.v1
  version: a14d7d367bc02b1f57d88de97926727f2d936387
  repo: https://gopkg.in/urfave/cli.v1
- name: gopkg.in/yaml.v1
  version: 9f9df34309c04878acc86042b16630b0f696e1de
  repo: https://gopkg.in/yaml.v1
- name: gopkg.in/yaml.v2
  version: bef53efd0c76e49e6de55ead051f886bea7e9420
- name: rsc.io/letsencrypt
  version: a019c9e6fce0c7132679dea13bd8df7c86ffe26c
  subpackages:
  - vendor/github.com/xenolf/lego/acme
  - vendor/gopkg.in/square/go-jose.v1
  - vendor/gopkg.in/square/go-jose.v1/cipher
  - vendor/gopkg.in/square/go-jose.v1/json
devImports: []
